
Microsoft Visual Studio Solution File, Format Version 12.00
# Visual Studio Version 16
VisualStudioVersion = 16.0.31729.503
MinimumVisualStudioVersion = 10.0.40219.1
Project("{FAE04EC0-301F-11D3-BF4B-00C04F79EFBC}") = "Cubic_equation", "Cubic_equation\Cubic_equation.csproj", "{C0B3DA47-6F6E-4339-ABF2-D8375B76E9F1}"
EndProject
Global
	GlobalSection(SolutionConfigurationPlatforms) = preSolution
		Debug|Any CPU = Debug|Any CPU
		Release|Any CPU = Release|Any CPU
	EndGlobalSection
	GlobalSection(ProjectConfigurationPlatforms) = postSolution
		{C0B3DA47-6F6E-4339-ABF2-D8375B76E9F1}.Debug|Any CPU.ActiveCfg = Debug|Any CPU
		{C0B3DA47-6F6E-4339-ABF2-D8375B76E9F1}.Debug|Any CPU.Build.0 = Debug|Any CPU
		{C0B3DA47-6F6E-4339-ABF2-D8375B76E9F1}.Release|Any CPU.ActiveCfg = Release|Any CPU
		{C0B3DA47-6F6E-4339-ABF2-D8375B76E9F1}.Release|Any CPU.Build.0 = Release|Any CPU
	EndGlobalSection
	GlobalSection(SolutionProperties) = preSolution
		HideSolutionNode = FALSE
	EndGlobalSection
	GlobalSection(ExtensibilityGlobals) = postSolution
		SolutionGuid = {6EC88EC9-E5A8-47BE-953C-2DA1E2FA07A6}
	EndGlobalSection
EndGlobal
